
Microsoft Visual Studio Solution File, Format Version 12.00
# Visual Studio Version 16
VisualStudioVersion = 16.0.31205.134
MinimumVisualStudioVersion = 10.0.40219.1
Project("{8BC9CEB8-8B4A-11D0-8D11-00A0C91BC942}") = "TemplateInstancing", "TemplateInstancing\TemplateInstancing.vcxproj", "{F63B8DF1-EFF8-4AE8-8957-BC813A33F1C0}"
EndProject
Global
	GlobalSection(SolutionConfigurationPlatforms) = preSolution
		Debug|x64 = Debug|x64
		Debug|x86 = Debug|x86
		Release|x64 = Release|x64
		Release|x86 = Release|x86
	EndGlobalSection
	GlobalSection(ProjectConfigurationPlatforms) = postSolution
		{F63B8DF1-EFF8-4AE8-8957-BC813A33F1C0}.Debug|x64.ActiveCfg = Debug|x64
		{F63B8DF1-EFF8-4AE8-8957-BC813A33F1C0}.Debug|x64.Build.0 = Debug|x64
		{F63B8DF1-EFF8-4AE8-8957-BC813A33F1C0}.Debug|x86.ActiveCfg = Debug|Win32
		{F63B8DF1-EFF8-4AE8-8957-BC813A33F1C0}.Debug|x86.Build.0 = Debug|Win32
		{F63B8DF1-EFF8-4AE8-8957-BC813A33F1C0}.Release|x64.ActiveCfg = Release|x64
		{F63B8DF1-EFF8-4AE8-8957-BC813A33F1C0}.Release|x64.Build.0 = Release|x64
		{F63B8DF1-EFF8-4AE8-8957-BC813A33F1C0}.Release|x86.ActiveCfg = Release|Win32
		{F63B8DF1-EFF8-4AE8-8957-BC813A33F1C0}.Release|x86.Build.0 = Release|Win32
	EndGlobalSection
	GlobalSection(SolutionProperties) = preSolution
		HideSolutionNode = FALSE
	EndGlobalSection
	GlobalSection(ExtensibilityGlobals) = postSolution
		SolutionGuid = {6E0CAD72-5DC6-41D4-AD45-66F352B81C48}
	EndGlobalSection
EndGlobal
